
Microsoft Visual Studio Solution File, Format Version 12.00
# Visual Studio 2012
Project("{8BC9CEB8-8B4A-11D0-8D11-00A0C91BC942}") = "duo2", "duo2\duo2.vcxproj", "{414F4B88-D22E-43D7-B230-F3C5AF0D33B7}"
EndProject
Global
	GlobalSection(SolutionConfigurationPlatforms) = preSolution
		Debug|Win32 = Debug|Win32
		Release|Win32 = Release|Win32
	EndGlobalSection
	GlobalSection(ProjectConfigurationPlatforms) = postSolution
		{414F4B88-D22E-43D7-B230-F3C5AF0D33B7}.Debug|Win32.ActiveCfg = Debug|Win32
		{414F4B88-D22E-43D7-B230-F3C5AF0D33B7}.Debug|Win32.Build.0 = Debug|Win32
		{414F4B88-D22E-43D7-B230-F3C5AF0D33B7}.Debug|Win32.Deploy.0 = Debug|Win32
		{414F4B88-D22E-43D7-B230-F3C5AF0D33B7}.Release|Win32.ActiveCfg = Release|Win32
		{414F4B88-D22E-43D7-B230-F3C5AF0D33B7}.Release|Win32.Build.0 = Release|Win32
		{414F4B88-D22E-43D7-B230-F3C5AF0D33B7}.Release|Win32.Deploy.0 = Release|Win32
	EndGlobalSection
	GlobalSection(SolutionProperties) = preSolution
		HideSolutionNode = FALSE
	EndGlobalSection
EndGlobal
